
Microsoft Visual Studio Solution File, Format Version 12.00
# Visual Studio Version 17
VisualStudioVersion = 17.0.31903.59
MinimumVisualStudioVersion = 10.0.40219.1
Project("{FAE04EC0-301F-11D3-BF4B-00C04F79EFBC}") = "InboxService", "InboxService\InboxService.csproj", "{08919A8A-B4D1-43DC-A7A8-5F5014CFF157}"
EndProject
Project("{FAE04EC0-301F-11D3-BF4B-00C04F79EFBC}") = "OutboxService", "OutboxService\OutboxService.csproj", "{64975985-32D5-4D47-8771-8172A0599717}"
EndProject
Project("{FAE04EC0-301F-11D3-BF4B-00C04F79EFBC}") = "Shared", "Shared\Shared.csproj", "{EA5D17DE-8064-4A56-AB3F-17FECF6574B0}"
EndProject
Global
	GlobalSection(SolutionConfigurationPlatforms) = preSolution
		Debug|Any CPU = Debug|Any CPU
		Release|Any CPU = Release|Any CPU
	EndGlobalSection
	GlobalSection(SolutionProperties) = preSolution
		HideSolutionNode = FALSE
	EndGlobalSection
	GlobalSection(ProjectConfigurationPlatforms) = postSolution
		{08919A8A-B4D1-43DC-A7A8-5F5014CFF157}.Debug|Any CPU.ActiveCfg = Debug|Any CPU
		{08919A8A-B4D1-43DC-A7A8-5F5014CFF157}.Debug|Any CPU.Build.0 = Debug|Any CPU
		{08919A8A-B4D1-43DC-A7A8-5F5014CFF157}.Release|Any CPU.ActiveCfg = Release|Any CPU
		{08919A8A-B4D1-43DC-A7A8-5F5014CFF157}.Release|Any CPU.Build.0 = Release|Any CPU
		{64975985-32D5-4D47-8771-8172A0599717}.Debug|Any CPU.ActiveCfg = Debug|Any CPU
		{64975985-32D5-4D47-8771-8172A0599717}.Debug|Any CPU.Build.0 = Debug|Any CPU
		{64975985-32D5-4D47-8771-8172A0599717}.Release|Any CPU.ActiveCfg = Release|Any CPU
		{64975985-32D5-4D47-8771-8172A0599717}.Release|Any CPU.Build.0 = Release|Any CPU
		{EA5D17DE-8064-4A56-AB3F-17FECF6574B0}.Debug|Any CPU.ActiveCfg = Debug|Any CPU
		{EA5D17DE-8064-4A56-AB3F-17FECF6574B0}.Debug|Any CPU.Build.0 = Debug|Any CPU
		{EA5D17DE-8064-4A56-AB3F-17FECF6574B0}.Release|Any CPU.ActiveCfg = Release|Any CPU
		{EA5D17DE-8064-4A56-AB3F-17FECF6574B0}.Release|Any CPU.Build.0 = Release|Any CPU
	EndGlobalSection
EndGlobal
